
Microsoft Visual Studio Solution File, Format Version 12.00
# Visual Studio Version 16
VisualStudioVersion = 16.0.28917.181
MinimumVisualStudioVersion = 10.0.40219.1
Project("{FAE04EC0-301F-11D3-BF4B-00C04F79EFBC}") = "Week5ConsoleApp", "Week5ConsoleApp\Week5ConsoleApp.csproj", "{DD3311A1-054A-43F5-B855-8AC049C32A58}"
EndProject
Global
	GlobalSection(SolutionConfigurationPlatforms) = preSolution
		Debug|Any CPU = Debug|Any CPU
		Release|Any CPU = Release|Any CPU
	EndGlobalSection
	GlobalSection(ProjectConfigurationPlatforms) = postSolution
		{DD3311A1-054A-43F5-B855-8AC049C32A58}.Debug|Any CPU.ActiveCfg = Debug|Any CPU
		{DD3311A1-054A-43F5-B855-8AC049C32A58}.Debug|Any CPU.Build.0 = Debug|Any CPU
		{DD3311A1-054A-43F5-B855-8AC049C32A58}.Release|Any CPU.ActiveCfg = Release|Any CPU
		{DD3311A1-054A-43F5-B855-8AC049C32A58}.Release|Any CPU.Build.0 = Release|Any CPU
	EndGlobalSection
	GlobalSection(SolutionProperties) = preSolution
		HideSolutionNode = FALSE
	EndGlobalSection
	GlobalSection(ExtensibilityGlobals) = postSolution
		SolutionGuid = {085B7B56-7F7B-45AF-A031-A75F94166063}
	EndGlobalSection
EndGlobal
